
Microsoft Visual Studio Solution File, Format Version 12.00
# Visual Studio Version 16
VisualStudioVersion = 16.0.30804.86
MinimumVisualStudioVersion = 10.0.40219.1
Project("{FAE04EC0-301F-11D3-BF4B-00C04F79EFBC}") = "Output", "Output\Output.csproj", "{B958975C-5E63-4D06-A3B7-F68E3C6A9E6E}"
EndProject
Project("{FAE04EC0-301F-11D3-BF4B-00C04F79EFBC}") = "Exercises", "Exercises\Exercises.csproj", "{8252EF99-A6AC-43CE-B0DF-87F6E44EC833}"
EndProject
Global
	GlobalSection(SolutionConfigurationPlatforms) = preSolution
		Debug|Any CPU = Debug|Any CPU
		Release|Any CPU = Release|Any CPU
	EndGlobalSection
	GlobalSection(ProjectConfigurationPlatforms) = postSolution
		{B958975C-5E63-4D06-A3B7-F68E3C6A9E6E}.Debug|Any CPU.ActiveCfg = Debug|Any CPU
		{B958975C-5E63-4D06-A3B7-F68E3C6A9E6E}.Debug|Any CPU.Build.0 = Debug|Any CPU
		{B958975C-5E63-4D06-A3B7-F68E3C6A9E6E}.Release|Any CPU.ActiveCfg = Release|Any CPU
		{B958975C-5E63-4D06-A3B7-F68E3C6A9E6E}.Release|Any CPU.Build.0 = Release|Any CPU
		{8252EF99-A6AC-43CE-B0DF-87F6E44EC833}.Debug|Any CPU.ActiveCfg = Debug|Any CPU
		{8252EF99-A6AC-43CE-B0DF-87F6E44EC833}.Debug|Any CPU.Build.0 = Debug|Any CPU
		{8252EF99-A6AC-43CE-B0DF-87F6E44EC833}.Release|Any CPU.ActiveCfg = Release|Any CPU
		{8252EF99-A6AC-43CE-B0DF-87F6E44EC833}.Release|Any CPU.Build.0 = Release|Any CPU
	EndGlobalSection
	GlobalSection(SolutionProperties) = preSolution
		HideSolutionNode = FALSE
	EndGlobalSection
	GlobalSection(ExtensibilityGlobals) = postSolution
		SolutionGuid = {3410E53E-85BA-44DB-BF8D-D41472A729AB}
	EndGlobalSection
EndGlobal
